// !$*UTF8*$!
{
	archiveVersion = 1;
	classes = {
	};
	objectVersion = 56;
	objects = {

/* Begin PBXBuildFile section */
		3D1A030628FDCE5B007C827A /* LandmarksApp.swift in Sources */ = {isa = PBXBuildFile; fileRef = 3D1A030528FDCE5B007C827A /* LandmarksApp.swift */; };
		3D1A030828FDCE5B007C827A /* ContentView.swift in Sources */ = {isa = PBXBuildFile; fileRef = 3D1A030728FDCE5B007C827A /* ContentView.swift */; };
		3D1A030A28FDCE5D007C827A /* Assets.xcassets in Resources */ = {isa = PBXBuildFile; fileRef = 3D1A030928FDCE5D007C827A /* Assets.xcassets */; };
		3D1A030D28FDCE5D007C827A /* Preview Assets.xcassets in Resources */ = {isa = PBXBuildFile; fileRef = 3D1A030C28FDCE5D007C827A /* Preview Assets.xcassets */; };
		3D1A031728FDCE5D007C827A /* LandmarksTests.swift in Sources */ = {isa = PBXBuildFile; fileRef = 3D1A031628FDCE5D007C827A /* LandmarksTests.swift */; };
		3D1A032128FDCE5D007C827A /* LandmarksUITests.swift in Sources */ = {isa = PBXBuildFile; fileRef = 3D1A032028FDCE5D007C827A /* LandmarksUITests.swift */; };
		3D1A032328FDCE5D007C827A /* LandmarksUITestsLaunchTests.swift in Sources */ = {isa = PBXBuildFile; fileRef = 3D1A032228FDCE5D007C827A /* LandmarksUITestsLaunchTests.swift */; };
		3D1A033028FDD30C007C827A /* CircleImage.swift in Sources */ = {isa = PBXBuildFile; fileRef = 3D1A032F28FDD30C007C827A /* CircleImage.swift */; };
		3D1A033228FDD3D9007C827A /* MapView.swift in Sources */ = {isa = PBXBuildFile; fileRef = 3D1A033128FDD3D9007C827A /* MapView.swift */; };
		3D94F6332900BC4D00545C62 /* landmarkData.json in Resources */ = {isa = PBXBuildFile; fileRef = 3D94F6322900BC4D00545C62 /* landmarkData.json */; };
		3D94F6352900BC6900545C62 /* Landmark.swift in Sources */ = {isa = PBXBuildFile; fileRef = 3D94F6342900BC6900545C62 /* Landmark.swift */; };
		3D94F6372900BC8700545C62 /* ModelData.swift in Sources */ = {isa = PBXBuildFile; fileRef = 3D94F6362900BC8700545C62 /* ModelData.swift */; };
		3D94F63E2900BDFC00545C62 /* LandmarkRow.swift in Sources */ = {isa = PBXBuildFile; fileRef = 3D94F63D2900BDFC00545C62 /* LandmarkRow.swift */; };
		3D94F6422900C2DE00545C62 /* LandmarkList.swift in Sources */ = {isa = PBXBuildFile; fileRef = 3D94F6412900C2DE00545C62 /* LandmarkList.swift */; };
		3D94F6442900C45400545C62 /* LandmarkDetail.swift in Sources */ = {isa = PBXBuildFile; fileRef = 3D94F6432900C45400545C62 /* LandmarkDetail.swift */; };
/* End PBXBuildFile section */

/* Begin PBXContainerItemProxy section */
		3D1A031328FDCE5D007C827A /* PBXContainerItemProxy */ = {
			isa = PBXContainerItemProxy;
			containerPortal = 3D1A02FA28FDCE5B007C827A /* Project object */;
			proxyType = 1;
			remoteGlobalIDString = 3D1A030128FDCE5B007C827A;
			remoteInfo = Landmarks;
		};
		3D1A031D28FDCE5D007C827A /* PBXContainerItemProxy */ = {
			isa = PBXContainerItemProxy;
			containerPortal = 3D1A02FA28FDCE5B007C827A /* Project object */;
			proxyType = 1;
			remoteGlobalIDString = 3D1A030128FDCE5B007C827A;
			remoteInfo = Landmarks;
		};
/* End PBXContainerItemProxy section */

/* Begin PBXFileReference section */
		3D1A030228FDCE5B007C827A /* Landmarks.app */ = {isa = PBXFileReference; explicitFileType = wrapper.application; includeInIndex = 0; path = Landmarks.app; sourceTree = BUILT_PRODUCTS_DIR; };
		3D1A030528FDCE5B007C827A /* LandmarksApp.swift */ = {isa = PBXFileReference; lastKnownFileType = sourcecode.swift; path = LandmarksApp.swift; sourceTree = "<group>"; };
		3D1A030728FDCE5B007C827A /* ContentView.swift */ = {isa = PBXFileReference; lastKnownFileType = sourcecode.swift; path = ContentView.swift; sourceTree = "<group>"; };
		3D1A030928FDCE5D007C827A /* Assets.xcassets */ = {isa = PBXFileReference; lastKnownFileType = folder.assetcatalog; path = Assets.xcassets; sourceTree = "<group>"; };
		3D1A030C28FDCE5D007C827A /* Preview Assets.xcassets */ = {isa = PBXFileReference; lastKnownFileType = folder.assetcatalog; path = "Preview Assets.xcassets"; sourceTree = "<group>"; };
		3D1A031228FDCE5D007C827A /* LandmarksTests.xctest */ = {isa = PBXFileReference; explicitFileType = wrapper.cfbundle; includeInIndex = 0; path = LandmarksTests.xctest; sourceTree = BUILT_PRODUCTS_DIR; };
		3D1A031628FDCE5D007C827A /* LandmarksTests.swift */ = {isa = PBXFileReference; lastKnownFileType = sourcecode.swift; path = LandmarksTests.swift; sourceTree = "<group>"; };
		3D1A031C28FDCE5D007C827A /* LandmarksUITests.xctest */ = {isa = PBXFileReference; explicitFileType = wrapper.cfbundle; includeInIndex = 0; path = LandmarksUITests.xctest; sourceTree = BUILT_PRODUCTS_DIR; };
		3D1A032028FDCE5D007C827A /* LandmarksUITests.swift */ = {isa = PBXFileReference; lastKnownFileType = sourcecode.swift; path = LandmarksUITests.swift; sourceTree = "<group>"; };
		3D1A032228FDCE5D007C827A /* LandmarksUITestsLaunchTests.swift */ = {isa = PBXFileReference; lastKnownFileType = sourcecode.swift; path = LandmarksUITestsLaunchTests.swift; sourceTree = "<group>"; };
		3D1A032F28FDD30C007C827A /* CircleImage.swift */ = {isa = PBXFileReference; lastKnownFileType = sourcecode.swift; path = CircleImage.swift; sourceTree = "<group>"; };
		3D1A033128FDD3D9007C827A /* MapView.swift */ = {isa = PBXFileReference; lastKnownFileType = sourcecode.swift; path = MapView.swift; sourceTree = "<group>"; };
		3D94F6322900BC4D00545C62 /* landmarkData.json */ = {isa = PBXFileReference; fileEncoding = 4; lastKnownFileType = text.json; path = landmarkData.json; sourceTree = "<group>"; };
		3D94F6342900BC6900545C62 /* Landmark.swift */ = {isa = PBXFileReference; lastKnownFileType = sourcecode.swift; path = Landmark.swift; sourceTree = "<group>"; };
		3D94F6362900BC8700545C62 /* ModelData.swift */ = {isa = PBXFileReference; lastKnownFileType = sourcecode.swift; path = ModelData.swift; sourceTree = "<group>"; };
		3D94F63D2900BDFC00545C62 /* LandmarkRow.swift */ = {isa = PBXFileReference; lastKnownFileType = sourcecode.swift; path = LandmarkRow.swift; sourceTree = "<group>"; };
		3D94F6412900C2DE00545C62 /* LandmarkList.swift */ = {isa = PBXFileReference; lastKnownFileType = sourcecode.swift; path = LandmarkList.swift; sourceTree = "<group>"; };
		3D94F6432900C45400545C62 /* LandmarkDetail.swift */ = {isa = PBXFileReference; lastKnownFileType = sourcecode.swift; path = LandmarkDetail.swift; sourceTree = "<group>"; };
/* End PBXFileReference section */

/* Begin PBXFrameworksBuildPhase section */
		3D1A02FF28FDCE5B007C827A /* Frameworks */ = {
			isa = PBXFrameworksBuildPhase;
			buildActionMask = 2147483647;
			files = (
			);
			runOnlyForDeploymentPostprocessing = 0;
		};
		3D1A030F28FDCE5D007C827A /* Frameworks */ = {
			isa = PBXFrameworksBuildPhase;
			buildActionMask = 2147483647;
			files = (
			);
			runOnlyForDeploymentPostprocessing = 0;
		};
		3D1A031928FDCE5D007C827A /* Frameworks */ = {
			isa = PBXFrameworksBuildPhase;
			buildActionMask = 2147483647;
			files = (
			);
			runOnlyForDeploymentPostprocessing = 0;
		};
/* End PBXFrameworksBuildPhase section */

/* Begin PBXGroup section */
		3D1A02F928FDCE5B007C827A = {
			isa = PBXGroup;
			children = (
				3D1A030428FDCE5B007C827A /* Landmarks */,
				3D1A031528FDCE5D007C827A /* LandmarksTests */,
				3D1A031F28FDCE5D007C827A /* LandmarksUITests */,
				3D1A030328FDCE5B007C827A /* Products */,
			);
			sourceTree = "<group>";
		};
		3D1A030328FDCE5B007C827A /* Products */ = {
			isa = PBXGroup;
			children = (
				3D1A030228FDCE5B007C827A /* Landmarks.app */,
				3D1A031228FDCE5D007C827A /* LandmarksTests.xctest */,
				3D1A031C28FDCE5D007C827A /* LandmarksUITests.xctest */,
			);
			name = Products;
			sourceTree = "<group>";
		};
		3D1A030428FDCE5B007C827A /* Landmarks */ = {
			isa = PBXGroup;
			children = (
				3D94F63B2900BD8800545C62 /* Resources */,
				3D1A030528FDCE5B007C827A /* LandmarksApp.swift */,
				3D94F63A2900BD7500545C62 /* Views */,
				3D1A030928FDCE5D007C827A /* Assets.xcassets */,
				3D94F63C2900BDA900545C62 /* Model */,
				3D1A030B28FDCE5D007C827A /* Preview Content */,
			);
			path = Landmarks;
			sourceTree = "<group>";
		};
		3D1A030B28FDCE5D007C827A /* Preview Content */ = {
			isa = PBXGroup;
			children = (
				3D1A030C28FDCE5D007C827A /* Preview Assets.xcassets */,
			);
			path = "Preview Content";
			sourceTree = "<group>";
		};
		3D1A031528FDCE5D007C827A /* LandmarksTests */ = {
			isa = PBXGroup;
			children = (
				3D1A031628FDCE5D007C827A /* LandmarksTests.swift */,
			);
			path = LandmarksTests;
			sourceTree = "<group>";
		};
		3D1A031F28FDCE5D007C827A /* LandmarksUITests */ = {
			isa = PBXGroup;
			children = (
				3D1A032028FDCE5D007C827A /* LandmarksUITests.swift */,
				3D1A032228FDCE5D007C827A /* LandmarksUITestsLaunchTests.swift */,
			);
			path = LandmarksUITests;
			sourceTree = "<group>";
		};
		3D94F63A2900BD7500545C62 /* Views */ = {
			isa = PBXGroup;
			children = (
				3D1A030728FDCE5B007C827A /* ContentView.swift */,
				3D1A032F28FDD30C007C827A /* CircleImage.swift */,
				3D1A033128FDD3D9007C827A /* MapView.swift */,
				3D94F63D2900BDFC00545C62 /* LandmarkRow.swift */,
				3D94F6412900C2DE00545C62 /* LandmarkList.swift */,
				3D94F6432900C45400545C62 /* LandmarkDetail.swift */,
			);
			path = Views;
			sourceTree = "<group>";
		};
		3D94F63B2900BD8800545C62 /* Resources */ = {
			isa = PBXGroup;
			children = (
				3D94F6322900BC4D00545C62 /* landmarkData.json */,
			);
			path = Resources;
			sourceTree = "<group>";
		};
		3D94F63C2900BDA900545C62 /* Model */ = {
			isa = PBXGroup;
			children = (
				3D94F6342900BC6900545C62 /* Landmark.swift */,
				3D94F6362900BC8700545C62 /* ModelData.swift */,
			);
			path = Model;
			sourceTree = "<group>";
		};
/* End PBXGroup section */

/* Begin PBXNativeTarget section */
		3D1A030128FDCE5B007C827A /* Landmarks */ = {
			isa = PBXNativeTarget;
			buildConfigurationList = 3D1A032628FDCE5D007C827A /* Build configuration list for PBXNativeTarget "Landmarks" */;
			buildPhases = (
				3D1A02FE28FDCE5B007C827A /* Sources */,
				3D1A02FF28FDCE5B007C827A /* Frameworks */,
				3D1A030028FDCE5B007C827A /* Resources */,
			);
			buildRules = (
			);
			dependencies = (
			);
			name = Landmarks;
			productName = Landmarks;
			productReference = 3D1A030228FDCE5B007C827A /* Landmarks.app */;
			productType = "com.apple.product-type.application";
		};
		3D1A031128FDCE5D007C827A /* LandmarksTests */ = {
			isa = PBXNativeTarget;
			buildConfigurationList = 3D1A032928FDCE5D007C827A /* Build configuration list for PBXNativeTarget "LandmarksTests" */;
			buildPhases = (
				3D1A030E28FDCE5D007C827A /* Sources */,
				3D1A030F28FDCE5D007C827A /* Frameworks */,
				3D1A031028FDCE5D007C827A /* Resources */,
			);
			buildRules = (
			);
			dependencies = (
				3D1A031428FDCE5D007C827A /* PBXTargetDependency */,
			);
			name = LandmarksTests;
			productName = LandmarksTests;
			productReference = 3D1A031228FDCE5D007C827A /* LandmarksTests.xctest */;
			productType = "com.apple.product-type.bundle.unit-test";
		};
		3D1A031B28FDCE5D007C827A /* LandmarksUITests */ = {
			isa = PBXNativeTarget;
			buildConfigurationList = 3D1A032C28FDCE5D007C827A /* Build configuration list for PBXNativeTarget "LandmarksUITests" */;
			buildPhases = (
				3D1A031828FDCE5D007C827A /* Sources */,
				3D1A031928FDCE5D007C827A /* Frameworks */,
				3D1A031A28FDCE5D007C827A /* Resources */,
			);
			buildRules = (
			);
			dependencies = (
				3D1A031E28FDCE5D007C827A /* PBXTargetDependency */,
			);
			name = LandmarksUITests;
			productName = LandmarksUITests;
			productReference = 3D1A031C28FDCE5D007C827A /* LandmarksUITests.xctest */;
			productType = "com.apple.product-type.bundle.ui-testing";
		};
/* End PBXNativeTarget section */

/* Begin PBXProject section */
		3D1A02FA28FDCE5B007C827A /* Project object */ = {
			isa = PBXProject;
			attributes = {
				BuildIndependentTargetsInParallel = 1;
				LastSwiftUpdateCheck = 1400;
				LastUpgradeCheck = 1400;
				TargetAttributes = {
					3D1A030128FDCE5B007C827A = {
						CreatedOnToolsVersion = 14.0.1;
					};
					3D1A031128FDCE5D007C827A = {
						CreatedOnToolsVersion = 14.0.1;
						TestTargetID = 3D1A030128FDCE5B007C827A;
					};
					3D1A031B28FDCE5D007C827A = {
						CreatedOnToolsVersion = 14.0.1;
						TestTargetID = 3D1A030128FDCE5B007C827A;
					};
				};
			};
			buildConfigurationList = 3D1A02FD28FDCE5B007C827A /* Build configuration list for PBXProject "Landmarks" */;
			compatibilityVersion = "Xcode 14.0";
			developmentRegion = en;
			hasScannedForEncodings = 0;
			knownRegions = (
				en,
				Base,
			);
			mainGroup = 3D1A02F928FDCE5B007C827A;
			productRefGroup = 3D1A030328FDCE5B007C827A /* Products */;
			projectDirPath = "";
			projectRoot = "";
			targets = (
				3D1A030128FDCE5B007C827A /* Landmarks */,
				3D1A031128FDCE5D007C827A /* LandmarksTests */,
				3D1A031B28FDCE5D007C827A /* LandmarksUITests */,
			);
		};
/* End PBXProject section */

/* Begin PBXResourcesBuildPhase section */
		3D1A030028FDCE5B007C827A /* Resources */ = {
			isa = PBXResourcesBuildPhase;
			buildActionMask = 2147483647;
			files = (
				3D1A030D28FDCE5D007C827A /* Preview Assets.xcassets in Resources */,
				3D1A030A28FDCE5D007C827A /* Assets.xcassets in Resources */,
				3D94F6332900BC4D00545C62 /* landmarkData.json in Resources */,
			);
			runOnlyForDeploymentPostprocessing = 0;
		};
		3D1A031028FDCE5D007C827A /* Resources */ = {
			isa = PBXResourcesBuildPhase;
			buildActionMask = 2147483647;
			files = (
			);
			runOnlyForDeploymentPostprocessing = 0;
		};
		3D1A031A28FDCE5D007C827A /* Resources */ = {
			isa = PBXResourcesBuildPhase;
			buildActionMask = 2147483647;
			files = (
			);
			runOnlyForDeploymentPostprocessing = 0;
		};
/* End PBXResourcesBuildPhase section */

/* Begin PBXSourcesBuildPhase section */
		3D1A02FE28FDCE5B007C827A /* Sources */ = {
			isa = PBXSourcesBuildPhase;
			buildActionMask = 2147483647;
			files = (
				3D1A030828FDCE5B007C827A /* ContentView.swift in Sources */,
				3D1A033228FDD3D9007C827A /* MapView.swift in Sources */,
				3D1A030628FDCE5B007C827A /* LandmarksApp.swift in Sources */,
				3D94F6422900C2DE00545C62 /* LandmarkList.swift in Sources */,
				3D94F6442900C45400545C62 /* LandmarkDetail.swift in Sources */,
				3D1A033028FDD30C007C827A /* CircleImage.swift in Sources */,
				3D94F6352900BC6900545C62 /* Landmark.swift in Sources */,
				3D94F63E2900BDFC00545C62 /* LandmarkRow.swift in Sources */,
				3D94F6372900BC8700545C62 /* ModelData.swift in Sources */,
			);
			runOnlyForDeploymentPostprocessing = 0;
		};
		3D1A030E28FDCE5D007C827A /* Sources */ = {
			isa = PBXSourcesBuildPhase;
			buildActionMask = 2147483647;
			files = (
				3D1A031728FDCE5D007C827A /* LandmarksTests.swift in Sources */,
			);
			runOnlyForDeploymentPostprocessing = 0;
		};
		3D1A031828FDCE5D007C827A /* Sources */ = {
			isa = PBXSourcesBuildPhase;
			buildActionMask = 2147483647;
			files = (
				3D1A032328FDCE5D007C827A /* LandmarksUITestsLaunchTests.swift in Sources */,
				3D1A032128FDCE5D007C827A /* LandmarksUITests.swift in Sources */,
			);
			runOnlyForDeploymentPostprocessing = 0;
		};
/* End PBXSourcesBuildPhase section */

/* Begin PBXTargetDependency section */
		3D1A031428FDCE5D007C827A /* PBXTargetDependency */ = {
			isa = PBXTargetDependency;
			target = 3D1A030128FDCE5B007C827A /* Landmarks */;
			targetProxy = 3D1A031328FDCE5D007C827A /* PBXContainerItemProxy */;
		};
		3D1A031E28FDCE5D007C827A /* PBXTargetDependency */ = {
			isa = PBXTargetDependency;
			target = 3D1A030128FDCE5B007C827A /* Landmarks */;
			targetProxy = 3D1A031D28FDCE5D007C827A /* PBXContainerItemProxy */;
		};
/* End PBXTargetDependency section */

/* Begin XCBuildConfiguration section */
		3D1A032428FDCE5D007C827A /* Debug */ = {
			isa = XCBuildConfiguration;
			buildSettings = {
				ALWAYS_SEARCH_USER_PATHS = NO;
				CLANG_ANALYZER_NONNULL = YES;
				CLANG_ANALYZER_NUMBER_OBJECT_CONVERSION = YES_AGGRESSIVE;
				CLANG_CXX_LANGUAGE_STANDARD = "gnu++20";
				CLANG_ENABLE_MODULES = YES;
				CLANG_ENABLE_OBJC_ARC = YES;
				CLANG_ENABLE_OBJC_WEAK = YES;
				CLANG_WARN_BLOCK_CAPTURE_AUTORELEASING = YES;
				CLANG_WARN_BOOL_CONVERSION = YES;
				CLANG_WARN_COMMA = YES;
				CLANG_WARN_CONSTANT_CONVERSION = YES;
				CLANG_WARN_DEPRECATED_OBJC_IMPLEMENTATIONS = YES;
				CLANG_WARN_DIRECT_OBJC_ISA_USAGE = YES_ERROR;
				CLANG_WARN_DOCUMENTATION_COMMENTS = YES;
				CLANG_WARN_EMPTY_BODY = YES;
				CLANG_WARN_ENUM_CONVERSION = YES;
				CLANG_WARN_INFINITE_RECURSION = YES;
				CLANG_WARN_INT_CONVERSION = YES;
				CLANG_WARN_NON_LITERAL_NULL_CONVERSION = YES;
				CLANG_WARN_OBJC_IMPLICIT_RETAIN_SELF = YES;
				CLANG_WARN_OBJC_LITERAL_CONVERSION = YES;
				CLANG_WARN_OBJC_ROOT_CLASS = YES_ERROR;
				CLANG_WARN_QUOTED_INCLUDE_IN_FRAMEWORK_HEADER = YES;
				CLANG_WARN_RANGE_LOOP_ANALYSIS = YES;
				CLANG_WARN_STRICT_PROTOTYPES = YES;
				CLANG_WARN_SUSPICIOUS_MOVE = YES;
				CLANG_WARN_UNGUARDED_AVAILABILITY = YES_AGGRESSIVE;
				CLANG_WARN_UNREACHABLE_CODE = YES;
				CLANG_WARN__DUPLICATE_METHOD_MATCH = YES;
				COPY_PHASE_STRIP = NO;
				DEBUG_INFORMATION_FORMAT = dwarf;
				ENABLE_STRICT_OBJC_MSGSEND = YES;
				ENABLE_TESTABILITY = YES;
				GCC_C_LANGUAGE_STANDARD = gnu11;
				GCC_DYNAMIC_NO_PIC = NO;
				GCC_NO_COMMON_BLOCKS = YES;
				GCC_OPTIMIZATION_LEVEL = 0;
				GCC_PREPROCESSOR_DEFINITIONS = (
					"DEBUG=1",
					"$(inherited)",
				);
				GCC_WARN_64_TO_32_BIT_CONVERSION = YES;
				GCC_WARN_ABOUT_RETURN_TYPE = YES_ERROR;
				GCC_WARN_UNDECLARED_SELECTOR = YES;
				GCC_WARN_UNINITIALIZED_AUTOS = YES_AGGRESSIVE;
				GCC_WARN_UNUSED_FUNCTION = YES;
				GCC_WARN_UNUSED_VARIABLE = YES;
				IPHONEOS_DEPLOYMENT_TARGET = 16.0;
				MTL_ENABLE_DEBUG_INFO = INCLUDE_SOURCE;
				MTL_FAST_MATH = YES;
				ONLY_ACTIVE_ARCH = YES;
				SDKROOT = iphoneos;
				SWIFT_ACTIVE_COMPILATION_CONDITIONS = DEBUG;
				SWIFT_OPTIMIZATION_LEVEL = "-Onone";
			};
			name = Debug;
		};
		3D1A032528FDCE5D007C827A /* Release */ = {
			isa = XCBuildConfiguration;
			buildSettings = {
				ALWAYS_SEARCH_USER_PATHS = NO;
				CLANG_ANALYZER_NONNULL = YES;
				CLANG_ANALYZER_NUMBER_OBJECT_CONVERSION = YES_AGGRESSIVE;
				CLANG_CXX_LANGUAGE_STANDARD = "gnu++20";
				CLANG_ENABLE_MODULES = YES;
				CLANG_ENABLE_OBJC_ARC = YES;
				CLANG_ENABLE_OBJC_WEAK = YES;
				CLANG_WARN_BLOCK_CAPTURE_AUTORELEASING = YES;
				CLANG_WARN_BOOL_CONVERSION = YES;
				CLANG_WARN_COMMA = YES;
				CLANG_WARN_CONSTANT_CONVERSION = YES;
				CLANG_WARN_DEPRECATED_OBJC_IMPLEMENTATIONS = YES;
				CLANG_WARN_DIRECT_OBJC_ISA_USAGE = YES_ERROR;
				CLANG_WARN_DOCUMENTATION_COMMENTS = YES;
				CLANG_WARN_EMPTY_BODY = YES;
				CLANG_WARN_ENUM_CONVERSION = YES;
				CLANG_WARN_INFINITE_RECURSION = YES;
				CLANG_WARN_INT_CONVERSION = YES;
				CLANG_WARN_NON_LITERAL_NULL_CONVERSION = YES;
				CLANG_WARN_OBJC_IMPLICIT_RETAIN_SELF = YES;
				CLANG_WARN_OBJC_LITERAL_CONVERSION = YES;
				CLANG_WARN_OBJC_ROOT_CLASS = YES_ERROR;
				CLANG_WARN_QUOTED_INCLUDE_IN_FRAMEWORK_HEADER = YES;
				CLANG_WARN_RANGE_LOOP_ANALYSIS = YES;
				CLANG_WARN_STRICT_PROTOTYPES = YES;
				CLANG_WARN_SUSPICIOUS_MOVE = YES;
				CLANG_WARN_UNGUARDED_AVAILABILITY = YES_AGGRESSIVE;
				CLANG_WARN_UNREACHABLE_CODE = YES;
				CLANG_WARN__DUPLICATE_METHOD_MATCH = YES;
				COPY_PHASE_STRIP = NO;
				DEBUG_INFORMATION_FORMAT = "dwarf-with-dsym";
				ENABLE_NS_ASSERTIONS = NO;
				ENABLE_STRICT_OBJC_MSGSEND = YES;
				GCC_C_LANGUAGE_STANDARD = gnu11;
				GCC_NO_COMMON_BLOCKS = YES;
				GCC_WARN_64_TO_32_BIT_CONVERSION = YES;
				GCC_WARN_ABOUT_RETURN_TYPE = YES_ERROR;
				GCC_WARN_UNDECLARED_SELECTOR = YES;
				GCC_WARN_UNINITIALIZED_AUTOS = YES_AGGRESSIVE;
				GCC_WARN_UNUSED_FUNCTION = YES;
				GCC_WARN_UNUSED_VARIABLE = YES;
				IPHONEOS_DEPLOYMENT_TARGET = 16.0;
				MTL_ENABLE_DEBUG_INFO = NO;
				MTL_FAST_MATH = YES;
				SDKROOT = iphoneos;
				SWIFT_COMPILATION_MODE = wholemodule;
				SWIFT_OPTIMIZATION_LEVEL = "-O";
				VALIDATE_PRODUCT = YES;
			};
			name = Release;
		};
		3D1A032728FDCE5D007C827A /* Debug */ = {
			isa = XCBuildConfiguration;
			buildSettings = {
				ASSETCATALOG_COMPILER_APPICON_NAME = AppIcon;
				ASSETCATALOG_COMPILER_GLOBAL_ACCENT_COLOR_NAME = AccentColor;
				CODE_SIGN_STYLE = Automatic;
				CURRENT_PROJECT_VERSION = 1;
				DEVELOPMENT_ASSET_PATHS = "\"Landmarks/Preview Content\"";
				ENABLE_PREVIEWS = YES;
				GENERATE_INFOPLIST_FILE = YES;
				INFOPLIST_KEY_UIApplicationSceneManifest_Generation = YES;
				INFOPLIST_KEY_UIApplicationSupportsIndirectInputEvents = YES;
				INFOPLIST_KEY_UILaunchScreen_Generation = YES;
				INFOPLIST_KEY_UISupportedInterfaceOrientations_iPad = "UIInterfaceOrientationPortrait UIInterfaceOrientationPortraitUpsideDown UIInterfaceOrientationLandscapeLeft UIInterfaceOrientationLandscapeRight";
				INFOPLIST_KEY_UISupportedInterfaceOrientations_iPhone = "UIInterfaceOrientationPortrait UIInterfaceOrientationLandscapeLeft UIInterfaceOrientationLandscapeRight";
				LD_RUNPATH_SEARCH_PATHS = (
					"$(inherited)",
					"@executable_path/Frameworks",
				);
				MARKETING_VERSION = 1.0;
				PRODUCT_BUNDLE_IDENTIFIER = com.thompmatt.Landmarks;
				PRODUCT_NAME = "$(TARGET_NAME)";
				SWIFT_EMIT_LOC_STRINGS = YES;
				SWIFT_VERSION = 5.0;
				TARGETED_DEVICE_FAMILY = "1,2";
			};
			name = Debug;
		};
		3D1A032828FDCE5D007C827A /* Release */ = {
			isa = XCBuildConfiguration;
			buildSettings = {
				ASSETCATALOG_COMPILER_APPICON_NAME = AppIcon;
				ASSETCATALOG_COMPILER_GLOBAL_ACCENT_COLOR_NAME = AccentColor;
				CODE_SIGN_STYLE = Automatic;
				CURRENT_PROJECT_VERSION = 1;
				DEVELOPMENT_ASSET_PATHS = "\"Landmarks/Preview Content\"";
				ENABLE_PREVIEWS = YES;
				GENERATE_INFOPLIST_FILE = YES;
				INFOPLIST_KEY_UIApplicationSceneManifest_Generation = YES;
				INFOPLIST_KEY_UIApplicationSupportsIndirectInputEvents = YES;
				INFOPLIST_KEY_UILaunchScreen_Generation = YES;
				INFOPLIST_KEY_UISupportedInterfaceOrientations_iPad = "UIInterfaceOrientationPortrait UIInterfaceOrientationPortraitUpsideDown UIInterfaceOrientationLandscapeLeft UIInterfaceOrientationLandscapeRight";
				INFOPLIST_KEY_UISupportedInterfaceOrientations_iPhone = "UIInterfaceOrientationPortrait UIInterfaceOrientationLandscapeLeft UIInterfaceOrientationLandscapeRight";
				LD_RUNPATH_SEARCH_PATHS = (
					"$(inherited)",
					"@executable_path/Frameworks",
				);
				MARKETING_VERSION = 1.0;
				PRODUCT_BUNDLE_IDENTIFIER = com.thompmatt.Landmarks;
				PRODUCT_NAME = "$(TARGET_NAME)";
				SWIFT_EMIT_LOC_STRINGS = YES;
				SWIFT_VERSION = 5.0;
				TARGETED_DEVICE_FAMILY = "1,2";
			};
			name = Release;
		};
		3D1A032A28FDCE5D007C827A /* Debug */ = {
			isa = XCBuildConfiguration;
			buildSettings = {
				ALWAYS_EMBED_SWIFT_STANDARD_LIBRARIES = YES;
				BUNDLE_LOADER = "$(TEST_HOST)";
				CODE_SIGN_STYLE = Automatic;
				CURRENT_PROJECT_VERSION = 1;
				GENERATE_INFOPLIST_FILE = YES;
				IPHONEOS_DEPLOYMENT_TARGET = 16.0;
				MARKETING_VERSION = 1.0;
				PRODUCT_BUNDLE_IDENTIFIER = com.thompmatt.LandmarksTests;
				PRODUCT_NAME = "$(TARGET_NAME)";
				SWIFT_EMIT_LOC_STRINGS = NO;
				SWIFT_VERSION = 5.0;
				TARGETED_DEVICE_FAMILY = "1,2";
				TEST_HOST = "$(BUILT_PRODUCTS_DIR)/Landmarks.app/$(BUNDLE_EXECUTABLE_FOLDER_PATH)/Landmarks";
			};
			name = Debug;
		};
		3D1A032B28FDCE5D007C827A /* Release */ = {
			isa = XCBuildConfiguration;
			buildSettings = {
				ALWAYS_EMBED_SWIFT_STANDARD_LIBRARIES = YES;
				BUNDLE_LOADER = "$(TEST_HOST)";
				CODE_SIGN_STYLE = Automatic;
				CURRENT_PROJECT_VERSION = 1;
				GENERATE_INFOPLIST_FILE = YES;
				IPHONEOS_DEPLOYMENT_TARGET = 16.0;
				MARKETING_VERSION = 1.0;
				PRODUCT_BUNDLE_IDENTIFIER = com.thompmatt.LandmarksTests;
				PRODUCT_NAME = "$(TARGET_NAME)";
				SWIFT_EMIT_LOC_STRINGS = NO;
				SWIFT_VERSION = 5.0;
				TARGETED_DEVICE_FAMILY = "1,2";
				TEST_HOST = "$(BUILT_PRODUCTS_DIR)/Landmarks.app/$(BUNDLE_EXECUTABLE_FOLDER_PATH)/Landmarks";
			};
			name = Release;
		};
		3D1A032D28FDCE5D007C827A /* Debug */ = {
			isa = XCBuildConfiguration;
			buildSettings = {
				ALWAYS_EMBED_SWIFT_STANDARD_LIBRARIES = YES;
				CODE_SIGN_STYLE = Automatic;
				CURRENT_PROJECT_VERSION = 1;
				GENERATE_INFOPLIST_FILE = YES;
				MARKETING_VERSION = 1.0;
				PRODUCT_BUNDLE_IDENTIFIER = com.thompmatt.LandmarksUITests;
				PRODUCT_NAME = "$(TARGET_NAME)";
				SWIFT_EMIT_LOC_STRINGS = NO;
				SWIFT_VERSION = 5.0;
				TARGETED_DEVICE_FAMILY = "1,2";
				TEST_TARGET_NAME = Landmarks;
			};
			name = Debug;
		};
		3D1A032E28FDCE5D007C827A /* Release */ = {
			isa = XCBuildConfiguration;
			buildSettings = {
				ALWAYS_EMBED_SWIFT_STANDARD_LIBRARIES = YES;
				CODE_SIGN_STYLE = Automatic;
				CURRENT_PROJECT_VERSION = 1;
				GENERATE_INFOPLIST_FILE = YES;
				MARKETING_VERSION = 1.0;
				PRODUCT_BUNDLE_IDENTIFIER = com.thompmatt.LandmarksUITests;
				PRODUCT_NAME = "$(TARGET_NAME)";
				SWIFT_EMIT_LOC_STRINGS = NO;
				SWIFT_VERSION = 5.0;
				TARGETED_DEVICE_FAMILY = "1,2";
				TEST_TARGET_NAME = Landmarks;
			};
			name = Release;
		};
/* End XCBuildConfiguration section */

/* Begin XCConfigurationList section */
		3D1A02FD28FDCE5B007C827A /* Build configuration list for PBXProject "Landmarks" */ = {
			isa = XCConfigurationList;
			buildConfigurations = (
				3D1A032428FDCE5D007C827A /* Debug */,
				3D1A032528FDCE5D007C827A /* Release */,
			);
			defaultConfigurationIsVisible = 0;
			defaultConfigurationName = Release;
		};
		3D1A032628FDCE5D007C827A /* Build configuration list for PBXNativeTarget "Landmarks" */ = {
			isa = XCConfigurationList;
			buildConfigurations = (
				3D1A032728FDCE5D007C827A /* Debug */,
				3D1A032828FDCE5D007C827A /* Release */,
			);
			defaultConfigurationIsVisible = 0;
			defaultConfigurationName = Release;
		};
		3D1A032928FDCE5D007C827A /* Build configuration list for PBXNativeTarget "LandmarksTests" */ = {
			isa = XCConfigurationList;
			buildConfigurations = (
				3D1A032A28FDCE5D007C827A /* Debug */,
				3D1A032B28FDCE5D007C827A /* Release */,
			);
			defaultConfigurationIsVisible = 0;
			defaultConfigurationName = Release;
		};
		3D1A032C28FDCE5D007C827A /* Build configuration list for PBXNativeTarget "LandmarksUITests" */ = {
			isa = XCConfigurationList;
			buildConfigurations = (
				3D1A032D28FDCE5D007C827A /* Debug */,
				3D1A032E28FDCE5D007C827A /* Release */,
			);
			defaultConfigurationIsVisible = 0;
			defaultConfigurationName = Release;
		};
/* End XCConfigurationList section */
	};
	rootObject = 3D1A02FA28FDCE5B007C827A /* Project object */;
}
